
Microsoft Visual Studio Solution File, Format Version 12.00
# Visual Studio Version 17
VisualStudioVersion = 17.5.002.0
MinimumVisualStudioVersion = 10.0.40219.1
Project("{9A19103F-16F7-4668-BE54-9A1E7A4F7556}") = "Challenge-project-foreach-if-array", "Challenge-project-foreach-if-array.csproj", "{F71AFAC5-0E65-4F56-AD60-E9A6FF1AA427}"
EndProject
Global
	GlobalSection(SolutionConfigurationPlatforms) = preSolution
		Debug|Any CPU = Debug|Any CPU
		Release|Any CPU = Release|Any CPU
	EndGlobalSection
	GlobalSection(ProjectConfigurationPlatforms) = postSolution
		{F71AFAC5-0E65-4F56-AD60-E9A6FF1AA427}.Debug|Any CPU.ActiveCfg = Debug|Any CPU
		{F71AFAC5-0E65-4F56-AD60-E9A6FF1AA427}.Debug|Any CPU.Build.0 = Debug|Any CPU
		{F71AFAC5-0E65-4F56-AD60-E9A6FF1AA427}.Release|Any CPU.ActiveCfg = Release|Any CPU
		{F71AFAC5-0E65-4F56-AD60-E9A6FF1AA427}.Release|Any CPU.Build.0 = Release|Any CPU
	EndGlobalSection
	GlobalSection(SolutionProperties) = preSolution
		HideSolutionNode = FALSE
	EndGlobalSection
	GlobalSection(ExtensibilityGlobals) = postSolution
		SolutionGuid = {2904DCF3-88F9-4E67-B94F-5A46B8293BA0}
	EndGlobalSection
EndGlobal
